
Microsoft Visual Studio Solution File, Format Version 12.00
# Visual Studio 15
VisualStudioVersion = 15.0.27004.2005
MinimumVisualStudioVersion = 10.0.40219.1
Project("{FAE04EC0-301F-11D3-BF4B-00C04F79EFBC}") = "P2VirtualPet", "P2VirtualPet\P2VirtualPet.csproj", "{8D8D895D-588C-4D36-8DB8-990C18751136}"
EndProject
Project("{FAE04EC0-301F-11D3-BF4B-00C04F79EFBC}") = "TacoGame", "..\TacoGame\TacoGame\TacoGame.csproj", "{628EB71A-109F-4D85-A63A-033B6F0EE0C3}"
EndProject
Global
	GlobalSection(SolutionConfigurationPlatforms) = preSolution
		Debug|Any CPU = Debug|Any CPU
		Release|Any CPU = Release|Any CPU
	EndGlobalSection
	GlobalSection(ProjectConfigurationPlatforms) = postSolution
		{8D8D895D-588C-4D36-8DB8-990C18751136}.Debug|Any CPU.ActiveCfg = Debug|Any CPU
		{8D8D895D-588C-4D36-8DB8-990C18751136}.Debug|Any CPU.Build.0 = Debug|Any CPU
		{8D8D895D-588C-4D36-8DB8-990C18751136}.Release|Any CPU.ActiveCfg = Release|Any CPU
		{8D8D895D-588C-4D36-8DB8-990C18751136}.Release|Any CPU.Build.0 = Release|Any CPU
		{628EB71A-109F-4D85-A63A-033B6F0EE0C3}.Debug|Any CPU.ActiveCfg = Debug|Any CPU
		{628EB71A-109F-4D85-A63A-033B6F0EE0C3}.Debug|Any CPU.Build.0 = Debug|Any CPU
		{628EB71A-109F-4D85-A63A-033B6F0EE0C3}.Release|Any CPU.ActiveCfg = Release|Any CPU
		{628EB71A-109F-4D85-A63A-033B6F0EE0C3}.Release|Any CPU.Build.0 = Release|Any CPU
	EndGlobalSection
	GlobalSection(SolutionProperties) = preSolution
		HideSolutionNode = FALSE
	EndGlobalSection
	GlobalSection(ExtensibilityGlobals) = postSolution
		SolutionGuid = {CBC159EC-EFB8-400F-B4EC-253CF418B919}
	EndGlobalSection
EndGlobal
